{
    "_meta": {
        "hash": {
            "sha256": "945b8d36e995d67a48fd3da4786a9b50fa2df2731a737cb06a30ae65fa733add"
        },
        "pipfile-spec": 6,
        "requires": {
            "python_version": "3.11"
        },
        "sources": [
            {
                "name": "pypi",
                "url": "https://pypi.org/simple",
                "verify_ssl": true
            }
        ]
    },
    "default": {
        "certifi": {
            "hashes": [
                "sha256:539cc1d13202e33ca466e88b2807e29f4c13049d6d87031a3c110744495cb082",
                "sha256:92d6037539857d8206b8f6ae472e8b77db8058fec5937a1ef3f54304089edbb9"
            ],
            "markers": "python_version >= '3.6'",
            "version": "==2023.7.22"
        },
        "libsumo": {
            "hashes": [
                "sha256:1e588673f1272326c9fdaa6e8ded4255ea2bc7ab085d6896de45bc8c72ef7908",
                "sha256:1f8a9ba82cb6577eaeaed93383eee77d3d78a31c1bc91abe2000bd6a21ed72b8",
                "sha256:2f40e5f3a735e616dca689471365fe50ad98bebd46b51467a771fb52352e47f0",
                "sha256:3efeb43c873d03074a010890e56b5e20e8ffa83227512d59b3f14e41265acedd",
                "sha256:6334b77994995482d527fee34f6c3f732ca3d068752e0ca7a69341533a183183",
                "sha256:76c119750bd89623ee502ed5227713c016ee3c949bc22c472b8d1e9ae239be18",
                "sha256:78765a69af5774f2e944415f225006e9c1b282e32d0a4bba85b8d802ada14772",
                "sha256:8864a4cee8d2e768763c635b98df2839c10fae7f7692a9cd2d0989b59170d9d0",
                "sha256:95f1cebdb62c8653b1ff4905764a2076f2fae35669ae1a5952a91be00708d659",
                "sha256:966e38e34ba03ba6a73b459b85615dd623f84b3dfa071a70796523f824cd6315",
                "sha256:a277be2890605f79817e432715169baff96d1729b13a35baeaa40900528ef9e9",
                "sha256:a52b1535f2722c0494d303f74fa53f9a6eea606ede1fd319d960ed0cc909e7f0",
                "sha256:ac36e792208abd2db1719c16b34110f82401c5d73ec4435f601b2e6680e62462",
                "sha256:c7809b20c8edeef7052fd969a47d65586d3e4d760cdbe20ad1870ce78e2d14c8",
                "sha256:e4f376b132c6d860472dba9f2f0b5b2b3e50b741be901cb79550d7d8e4aaaf76",
                "sha256:e6393d5d4af82e886b8a192e5433b8132ead4dd8023dac782f73de329cc62bd8",
                "sha256:e6683d1909b02ceb0df8dd2d2259f20b838733990f3083b91087a27a608e91c3",
                "sha256:e90403ee6e3fded4ac3bb077f6e836914905f5d894c06645ed60b71028af1ee8",
                "sha256:ec77cd0aca85506c569ba9612d0bdb71c5ba291d61ffe26b564ddb7ee63cfda0",
                "sha256:ee44238df8f8b4d75f4814fb9000a75a4093a057bffd951aae6617559959b864",
                "sha256:f4d9e8b80817ece06eec15a2bce343ba958959b2a48d086edf662f31b9867261"
            ],
            "index": "pypi",
            "version": "==1.18.0"
        },
        "numpy": {
            "hashes": [
                "sha256:0d60fbae8e0019865fc4784745814cff1c421df5afee233db6d88ab4f14655a2",
                "sha256:1a1329e26f46230bf77b02cc19e900db9b52f398d6722ca853349a782d4cff55",
                "sha256:1b9735c27cea5d995496f46a8b1cd7b408b3f34b6d50459d9ac8fe3a20cc17bf",
                "sha256:2792d23d62ec51e50ce4d4b7d73de8f67a2fd3ea710dcbc8563a51a03fb07b01",
                "sha256:3e0746410e73384e70d286f93abf2520035250aad8c5714240b0492a7302fdca",
                "sha256:4c3abc71e8b6edba80a01a52e66d83c5d14433cbcd26a40c329ec7ed09f37901",
                "sha256:5883c06bb92f2e6c8181df7b39971a5fb436288db58b5a1c3967702d4278691d",
                "sha256:5c97325a0ba6f9d041feb9390924614b60b99209a71a69c876f71052521d42a4",
                "sha256:60e7f0f7f6d0eee8364b9a6304c2845b9c491ac706048c7e8cf47b83123b8dbf",
                "sha256:76b4115d42a7dfc5d485d358728cdd8719be33cc5ec6ec08632a5d6fca2ed380",
                "sha256:7dc869c0c75988e1c693d0e2d5b26034644399dd929bc049db55395b1379e044",
                "sha256:834b386f2b8210dca38c71a6e0f4fd6922f7d3fcff935dbe3a570945acb1b545",
                "sha256:8b77775f4b7df768967a7c8b3567e309f617dd5e99aeb886fa14dc1a0791141f",
                "sha256:90319e4f002795ccfc9050110bbbaa16c944b1c37c0baeea43c5fb881693ae1f",
                "sha256:b79e513d7aac42ae918db3ad1341a015488530d0bb2a6abcbdd10a3a829ccfd3",
                "sha256:bb33d5a1cf360304754913a350edda36d5b8c5331a8237268c48f91253c3a364",
                "sha256:bec1e7213c7cb00d67093247f8c4db156fd03075f49876957dca4711306d39c9",
                "sha256:c5462d19336db4560041517dbb7759c21d181a67cb01b36ca109b2ae37d32418",
                "sha256:c5652ea24d33585ea39eb6a6a15dac87a1206a692719ff45d53c5282e66d4a8f",
                "sha256:d7806500e4f5bdd04095e849265e55de20d8cc4b661b038957354327f6d9b295",
                "sha256:db3ccc4e37a6873045580d413fe79b68e47a681af8db2e046f1dacfa11f86eb3",
                "sha256:dfe4a913e29b418d096e696ddd422d8a5d13ffba4ea91f9f60440a3b759b0187",
                "sha256:eb942bfb6f84df5ce05dbf4b46673ffed0d3da59f13635ea9b926af3deb76926",
                "sha256:f08f2e037bba04e707eebf4bc934f1972a315c883a9e0ebfa8a7756eabf9e357",
                "sha256:fd608e19c8d7c55021dffd43bfe5492fab8cc105cc8986f813f8c3c048b38760"
            ],
            "markers": "python_version >= '3.10'",
            "version": "==1.25.2"
        },
        "pandas": {
            "hashes": [
                "sha256:04dbdbaf2e4d46ca8da896e1805bc04eb85caa9a82e259e8eed00254d5e0c682",
                "sha256:1168574b036cd8b93abc746171c9b4f1b83467438a5e45909fed645cf8692dbc",
                "sha256:1994c789bf12a7c5098277fb43836ce090f1073858c10f9220998ac74f37c69b",
                "sha256:258d3624b3ae734490e4d63c430256e716f488c4fcb7c8e9bde2d3aa46c29089",
                "sha256:32fca2ee1b0d93dd71d979726b12b61faa06aeb93cf77468776287f41ff8fdc5",
                "sha256:37673e3bdf1551b95bf5d4ce372b37770f9529743d2498032439371fc7b7eb26",
                "sha256:3ef285093b4fe5058eefd756100a367f27029913760773c8bf1d2d8bebe5d210",
                "sha256:5247fb1ba347c1261cbbf0fcfba4a3121fbb4029d95d9ef4dc45406620b25c8b",
                "sha256:5ec591c48e29226bcbb316e0c1e9423622bc7a4eaf1ef7c3c9fa1a3981f89641",
                "sha256:694888a81198786f0e164ee3a581df7d505024fbb1f15202fc7db88a71d84ebd",
                "sha256:69d7f3884c95da3a31ef82b7618af5710dba95bb885ffab339aad925c3e8ce78",
                "sha256:6a21ab5c89dcbd57f78d0ae16630b090eec626360085a4148693def5452d8a6b",
                "sha256:81af086f4543c9d8bb128328b5d32e9986e0c84d3ee673a2ac6fb57fd14f755e",
                "sha256:9e4da0d45e7f34c069fe4d522359df7d23badf83abc1d1cef398895822d11061",
                "sha256:9eae3dc34fa1aa7772dd3fc60270d13ced7346fcbcfee017d3132ec625e23bb0",
                "sha256:9ee1a69328d5c36c98d8e74db06f4ad518a1840e8ccb94a4ba86920986bb617e",
                "sha256:b084b91d8d66ab19f5bb3256cbd5ea661848338301940e17f4492b2ce0801fe8",
                "sha256:b9cb1e14fdb546396b7e1b923ffaeeac24e4cedd14266c3497216dd4448e4f2d",
                "sha256:ba619e410a21d8c387a1ea6e8a0e49bb42216474436245718d7f2e88a2f8d7c0",
                "sha256:c02f372a88e0d17f36d3093a644c73cfc1788e876a7c4bcb4020a77512e2043c",
                "sha256:ce0c6f76a0f1ba361551f3e6dceaff06bde7514a374aa43e33b588ec10420183",
                "sha256:d9cd88488cceb7635aebb84809d087468eb33551097d600c6dad13602029c2df",
                "sha256:e4c7c9f27a4185304c7caf96dc7d91bc60bc162221152de697c98eb0b2648dd8",
                "sha256:f167beed68918d62bffb6ec64f2e1d8a7d297a038f86d4aed056b9493fca407f",
                "sha256:f3421a7afb1a43f7e38e82e844e2bca9a6d793d66c1a7f9f0ff39a795bbc5e02"
            ],
            "index": "pypi",
            "version": "==2.0.3"
        },
        "pyproj": {
            "hashes": [
                "sha256:00fab048596c17572fa8980014ef117dbb2a445e6f7ba3b9ddfcc683efc598e7",
                "sha256:08dfc5c9533c78a97afae9d53b99b810a4a8f97c3be9eb2b8f323b726c736403",
                "sha256:1283d3c1960edbb74828f5f3405b27578a9a27f7766ab6a3956f4bd851f08239",
                "sha256:137a07404f937f264b11b7130cd4cfa00002dbe4333b222e8056db84849c2ea4",
                "sha256:18a8bdb87aeb41b60a2e91d32f623227de3569fb83b4c64b174c3a7c5b0ed3ae",
                "sha256:23787460fab85ba2f857ee60ffb2e8e21fd9bd5db9833c51c1c05b2a6d9f0be5",
                "sha256:2799499a4045e4fb73e44c31bdacab0593a253a7a4b6baae6fdd27d604cf9bc2",
                "sha256:3a4d2d438b007cb1f8d5f6f308d53d7ff9a2508cff8f9da6e2a93b76ffd98aaf",
                "sha256:4d8a9773503085eada59b6892c96ddf686ab8cf64cfdc18ad744d13ee76dfa6f",
                "sha256:557e6592855111c84eda176ddf6b130f55d5e2b9cb1c017b8c91b69f37f474f5",
                "sha256:595376e4d3bb72b7dceeccbce0f4c43053d47561f17a1ad0224407e9980ee849",
                "sha256:78276c6b0c831255c97c56dff7313a3571f327a284d8ac63d6a56437a72ed0e0",
                "sha256:830e6de7cfe43853967afee5ef908dfd5aa72d1ec12af9b9e3fecc179886e346",
                "sha256:8fbac2eb9a0e425d7d6b7c6f4ebacd675cf3bdef0c59887057b8b4b0374e7c12",
                "sha256:95120d65cbc5983dfd877076f28dbc18b9b329cbee38ca6e217bb7a5a043c099",
                "sha256:9de1aab71234bfd3fd648a1152519b5ee152c43113d7d8ea52590a0140129501",
                "sha256:a5b111865b3f0f8b77b3983f2fbe4dd6248fc09d3730295949977c8dcd988062",
                "sha256:ba5e7c8ddd6ed5a3f9fcf95ea80ba44c931913723de2ece841c94bb38b200c4a",
                "sha256:d7f6cd045df29aae960391dfe06a575c110af598f1dea5add8be6ca42332b0f5",
                "sha256:de6288b6ceabdeeac01abf627c74414822d322d8f55dc8efe4d29dedd27c5719",
                "sha256:dfe392dfc0eba2248dc08c976a72f52ff9da2bddfddfd9ff5dcf18e8e88200c7",
                "sha256:e342b3010b2b20134671564ff9a8c476e5e512bf589477480aded1a5813af7c8",
                "sha256:e427ccdbb1763872416549bdfa9fa1f5f169054653c4daf674e71480cc39cf11",
                "sha256:e600f6a2771d3b41aeb2cc1efd96771ae9a01451013da1dd48ff272e7c6e34ef",
                "sha256:f04f6297c615c3b17f835df2556ac8fb9b4f51f281e960437eaf0cd80e7ae26a"
            ],
            "index": "pypi",
            "version": "==3.6.0"
        },
        "python-dateutil": {
            "hashes": [
                "sha256:0123cacc1627ae19ddf3c27a5de5bd67ee4586fbdd6440d9748f8abb483d3e86",
                "sha256:961d03dc3453ebbc59dbdea9e4e11c5651520a876d0f4db161e8674aae935da9"
            ],
            "markers": "python_version >= '2.7' and python_version not in '3.0, 3.1, 3.2, 3.3'",
            "version": "==2.8.2"
        },
        "pytz": {
            "hashes": [
                "sha256:1d8ce29db189191fb55338ee6d0387d82ab59f3d00eac103412d64e0ebd0c588",
                "sha256:a151b3abb88eda1d4e34a9814df37de2a80e301e68ba0fd856fb9b46bfbbbffb"
            ],
            "version": "==2023.3"
        },
        "six": {
            "hashes": [
                "sha256:1e61c37477a1626458e36f7b1d82aa5c9b094fa4802892072e49de9c60c4c926",
                "sha256:8abb2f1d86890a2dfb989f9a77cfcfd3e47c2a354b01111771326f8aa26e0254"
            ],
            "markers": "python_version >= '2.7' and python_version not in '3.0, 3.1, 3.2, 3.3'",
            "version": "==1.16.0"
        },
        "sumolib": {
            "hashes": [
                "sha256:6e517a1a4870f09a8dd5a8b169f9895149a917eef2276d7c0e492bb9c6f4919d",
                "sha256:7c00129a6ed31600fbc72e061ca346a793a63fe645ac356f300e5df9f15cc0b2"
            ],
            "version": "==1.18.0"
        },
        "traci": {
            "hashes": [
                "sha256:79e11dd85777c0929d690d2c5e2ae0e9b2205b7c810b4a099c80c9d95c44fc08",
                "sha256:a316f174cfbb208d6d9ed518857d11bb54f628f5d2f764307a712d342345075f"
            ],
            "version": "==1.18.0"
        },
        "tzdata": {
            "hashes": [
                "sha256:11ef1e08e54acb0d4f95bdb1be05da659673de4acbd21bf9c69e94cc5e907a3a",
                "sha256:7e65763eef3120314099b6939b5546db7adce1e7d6f2e179e3df563c70511eda"
            ],
            "markers": "python_version >= '2'",
            "version": "==2023.3"
        }
    },
    "develop": {}
}
